// !$*UTF8*$!
{
	archiveVersion = 1;
	classes = {
	};
	objectVersion = 55;
	objects = {

/* Begin PBXBuildFile section */
		6A51B8C127ED798800FE1F58 /* DKBlog.swift in Sources */ = {isa = PBXBuildFile; fileRef = 6A51B8C027ED798800FE1F58 /* DKBlog.swift */; };
		6A51B8C327ED8FB600FE1F58 /* SearchBlogAPI.swift in Sources */ = {isa = PBXBuildFile; fileRef = 6A51B8C227ED8FB600FE1F58 /* SearchBlogAPI.swift */; };
		6A51B8C627ED936D00FE1F58 /* SearchBlogNetwork.swift in Sources */ = {isa = PBXBuildFile; fileRef = 6A51B8C527ED936D00FE1F58 /* SearchBlogNetwork.swift */; };
		6A580C4F27F19FDC00201140 /* SearchBarViewModel.swift in Sources */ = {isa = PBXBuildFile; fileRef = 6A580C4E27F19FDC00201140 /* SearchBarViewModel.swift */; };
		6A580C5127F1A99E00201140 /* FilterViewModel.swift in Sources */ = {isa = PBXBuildFile; fileRef = 6A580C5027F1A99E00201140 /* FilterViewModel.swift */; };
		6A580C5327F1AAB300201140 /* BlogListViewModel.swift in Sources */ = {isa = PBXBuildFile; fileRef = 6A580C5227F1AAB300201140 /* BlogListViewModel.swift */; };
		6A580C5527F1ABFE00201140 /* MainViewModel.swift in Sources */ = {isa = PBXBuildFile; fileRef = 6A580C5427F1ABFE00201140 /* MainViewModel.swift */; };
		6A580C5727F1B25700201140 /* MainModel.swift in Sources */ = {isa = PBXBuildFile; fileRef = 6A580C5627F1B25700201140 /* MainModel.swift */; };
		6AA5EF3427E9C685000A2536 /* SnapKit in Frameworks */ = {isa = PBXBuildFile; productRef = 6AA5EF3327E9C685000A2536 /* SnapKit */; };
		6AA5EF3727E9C695000A2536 /* Kingfisher in Frameworks */ = {isa = PBXBuildFile; productRef = 6AA5EF3627E9C695000A2536 /* Kingfisher */; };
		6AA5EF3A27E9C6AE000A2536 /* RxCocoa in Frameworks */ = {isa = PBXBuildFile; productRef = 6AA5EF3927E9C6AE000A2536 /* RxCocoa */; };
		6AA5EF3C27E9C6AE000A2536 /* RxRelay in Frameworks */ = {isa = PBXBuildFile; productRef = 6AA5EF3B27E9C6AE000A2536 /* RxRelay */; };
		6AA5EF3E27E9C6AE000A2536 /* RxSwift in Frameworks */ = {isa = PBXBuildFile; productRef = 6AA5EF3D27E9C6AE000A2536 /* RxSwift */; };
		6AA5EF4027EAAFF9000A2536 /* SearchBar.swift in Sources */ = {isa = PBXBuildFile; fileRef = 6AA5EF3F27EAAFF9000A2536 /* SearchBar.swift */; };
		6AA5EF4227EADB2A000A2536 /* FilterView.swift in Sources */ = {isa = PBXBuildFile; fileRef = 6AA5EF4127EADB2A000A2536 /* FilterView.swift */; };
		6AA5EF4427EB0376000A2536 /* BlogListView.swift in Sources */ = {isa = PBXBuildFile; fileRef = 6AA5EF4327EB0376000A2536 /* BlogListView.swift */; };
		6AA5EF4627EB0384000A2536 /* BlogListCell.swift in Sources */ = {isa = PBXBuildFile; fileRef = 6AA5EF4527EB0384000A2536 /* BlogListCell.swift */; };
		6AA5EF4827EB038E000A2536 /* BlogListCellData.swift in Sources */ = {isa = PBXBuildFile; fileRef = 6AA5EF4727EB038E000A2536 /* BlogListCellData.swift */; };
		6AA5EF5127EB1448000A2536 /* AlertActionConvertible.swift in Sources */ = {isa = PBXBuildFile; fileRef = 6AA5EF5027EB1448000A2536 /* AlertActionConvertible.swift */; };
		6AD0EC2327E9C0C9000C5C23 /* AppDelegate.swift in Sources */ = {isa = PBXBuildFile; fileRef = 6AD0EC2227E9C0C9000C5C23 /* AppDelegate.swift */; };
		6AD0EC2527E9C0C9000C5C23 /* SceneDelegate.swift in Sources */ = {isa = PBXBuildFile; fileRef = 6AD0EC2427E9C0C9000C5C23 /* SceneDelegate.swift */; };
		6AD0EC2C27E9C0CA000C5C23 /* Assets.xcassets in Resources */ = {isa = PBXBuildFile; fileRef = 6AD0EC2B27E9C0CA000C5C23 /* Assets.xcassets */; };
		6AD0EC2F27E9C0CA000C5C23 /* LaunchScreen.storyboard in Resources */ = {isa = PBXBuildFile; fileRef = 6AD0EC2D27E9C0CA000C5C23 /* LaunchScreen.storyboard */; };
		6AD0EC3A27E9C0CA000C5C23 /* SearchKakaoBlogTests.swift in Sources */ = {isa = PBXBuildFile; fileRef = 6AD0EC3927E9C0CA000C5C23 /* SearchKakaoBlogTests.swift */; };
		6AD0EC4427E9C0CA000C5C23 /* SearchKakaoBlogUITests.swift in Sources */ = {isa = PBXBuildFile; fileRef = 6AD0EC4327E9C0CA000C5C23 /* SearchKakaoBlogUITests.swift */; };
		6AD0EC4627E9C0CA000C5C23 /* SearchKakaoBlogUITestsLaunchTests.swift in Sources */ = {isa = PBXBuildFile; fileRef = 6AD0EC4527E9C0CA000C5C23 /* SearchKakaoBlogUITestsLaunchTests.swift */; };
		6AD0EC5827E9C22C000C5C23 /* MainViewController.swift in Sources */ = {isa = PBXBuildFile; fileRef = 6AD0EC5727E9C22C000C5C23 /* MainViewController.swift */; };
/* End PBXBuildFile section */

/* Begin PBXContainerItemProxy section */
		6AD0EC3627E9C0CA000C5C23 /* PBXContainerItemProxy */ = {
			isa = PBXContainerItemProxy;
			containerPortal = 6AD0EC1727E9C0C9000C5C23 /* Project object */;
			proxyType = 1;
			remoteGlobalIDString = 6AD0EC1E27E9C0C9000C5C23;
			remoteInfo = SearchKakaoBlog;
		};
		6AD0EC4027E9C0CA000C5C23 /* PBXContainerItemProxy */ = {
			isa = PBXContainerItemProxy;
			containerPortal = 6AD0EC1727E9C0C9000C5C23 /* Project object */;
			proxyType = 1;
			remoteGlobalIDString = 6AD0EC1E27E9C0C9000C5C23;
			remoteInfo = SearchKakaoBlog;
		};
/* End PBXContainerItemProxy section */

/* Begin PBXFileReference section */
		6A51B8BF27ED42BB00FE1F58 /* README.md */ = {isa = PBXFileReference; lastKnownFileType = net.daringfireball.markdown; path = README.md; sourceTree = "<group>"; };
		6A51B8C027ED798800FE1F58 /* DKBlog.swift */ = {isa = PBXFileReference; lastKnownFileType = sourcecode.swift; path = DKBlog.swift; sourceTree = "<group>"; };
		6A51B8C227ED8FB600FE1F58 /* SearchBlogAPI.swift */ = {isa = PBXFileReference; lastKnownFileType = sourcecode.swift; path = SearchBlogAPI.swift; sourceTree = "<group>"; };
		6A51B8C527ED936D00FE1F58 /* SearchBlogNetwork.swift */ = {isa = PBXFileReference; lastKnownFileType = sourcecode.swift; path = SearchBlogNetwork.swift; sourceTree = "<group>"; };
		6A580C4E27F19FDC00201140 /* SearchBarViewModel.swift */ = {isa = PBXFileReference; lastKnownFileType = sourcecode.swift; path = SearchBarViewModel.swift; sourceTree = "<group>"; };
		6A580C5027F1A99E00201140 /* FilterViewModel.swift */ = {isa = PBXFileReference; lastKnownFileType = sourcecode.swift; path = FilterViewModel.swift; sourceTree = "<group>"; };
		6A580C5227F1AAB300201140 /* BlogListViewModel.swift */ = {isa = PBXFileReference; lastKnownFileType = sourcecode.swift; path = BlogListViewModel.swift; sourceTree = "<group>"; };
		6A580C5427F1ABFE00201140 /* MainViewModel.swift */ = {isa = PBXFileReference; lastKnownFileType = sourcecode.swift; path = MainViewModel.swift; sourceTree = "<group>"; };
		6A580C5627F1B25700201140 /* MainModel.swift */ = {isa = PBXFileReference; lastKnownFileType = sourcecode.swift; path = MainModel.swift; sourceTree = "<group>"; };
		6AA5EF3F27EAAFF9000A2536 /* SearchBar.swift */ = {isa = PBXFileReference; lastKnownFileType = sourcecode.swift; path = SearchBar.swift; sourceTree = "<group>"; };
		6AA5EF4127EADB2A000A2536 /* FilterView.swift */ = {isa = PBXFileReference; lastKnownFileType = sourcecode.swift; path = FilterView.swift; sourceTree = "<group>"; };
		6AA5EF4327EB0376000A2536 /* BlogListView.swift */ = {isa = PBXFileReference; lastKnownFileType = sourcecode.swift; path = BlogListView.swift; sourceTree = "<group>"; };
		6AA5EF4527EB0384000A2536 /* BlogListCell.swift */ = {isa = PBXFileReference; lastKnownFileType = sourcecode.swift; path = BlogListCell.swift; sourceTree = "<group>"; };
		6AA5EF4727EB038E000A2536 /* BlogListCellData.swift */ = {isa = PBXFileReference; lastKnownFileType = sourcecode.swift; path = BlogListCellData.swift; sourceTree = "<group>"; };
		6AA5EF5027EB1448000A2536 /* AlertActionConvertible.swift */ = {isa = PBXFileReference; lastKnownFileType = sourcecode.swift; path = AlertActionConvertible.swift; sourceTree = "<group>"; };
		6AD0EC1F27E9C0C9000C5C23 /* SearchKakaoBlog.app */ = {isa = PBXFileReference; explicitFileType = wrapper.application; includeInIndex = 0; path = SearchKakaoBlog.app; sourceTree = BUILT_PRODUCTS_DIR; };
		6AD0EC2227E9C0C9000C5C23 /* AppDelegate.swift */ = {isa = PBXFileReference; lastKnownFileType = sourcecode.swift; path = AppDelegate.swift; sourceTree = "<group>"; };
		6AD0EC2427E9C0C9000C5C23 /* SceneDelegate.swift */ = {isa = PBXFileReference; lastKnownFileType = sourcecode.swift; path = SceneDelegate.swift; sourceTree = "<group>"; };
		6AD0EC2B27E9C0CA000C5C23 /* Assets.xcassets */ = {isa = PBXFileReference; lastKnownFileType = folder.assetcatalog; path = Assets.xcassets; sourceTree = "<group>"; };
		6AD0EC2E27E9C0CA000C5C23 /* Base */ = {isa = PBXFileReference; lastKnownFileType = file.storyboard; name = Base; path = Base.lproj/LaunchScreen.storyboard; sourceTree = "<group>"; };
		6AD0EC3027E9C0CA000C5C23 /* Info.plist */ = {isa = PBXFileReference; lastKnownFileType = text.plist.xml; path = Info.plist; sourceTree = "<group>"; };
		6AD0EC3527E9C0CA000C5C23 /* SearchKakaoBlogTests.xctest */ = {isa = PBXFileReference; explicitFileType = wrapper.cfbundle; includeInIndex = 0; path = SearchKakaoBlogTests.xctest; sourceTree = BUILT_PRODUCTS_DIR; };
		6AD0EC3927E9C0CA000C5C23 /* SearchKakaoBlogTests.swift */ = {isa = PBXFileReference; lastKnownFileType = sourcecode.swift; path = SearchKakaoBlogTests.swift; sourceTree = "<group>"; };
		6AD0EC3F27E9C0CA000C5C23 /* SearchKakaoBlogUITests.xctest */ = {isa = PBXFileReference; explicitFileType = wrapper.cfbundle; includeInIndex = 0; path = SearchKakaoBlogUITests.xctest; sourceTree = BUILT_PRODUCTS_DIR; };
		6AD0EC4327E9C0CA000C5C23 /* SearchKakaoBlogUITests.swift */ = {isa = PBXFileReference; lastKnownFileType = sourcecode.swift; path = SearchKakaoBlogUITests.swift; sourceTree = "<group>"; };
		6AD0EC4527E9C0CA000C5C23 /* SearchKakaoBlogUITestsLaunchTests.swift */ = {isa = PBXFileReference; lastKnownFileType = sourcecode.swift; path = SearchKakaoBlogUITestsLaunchTests.swift; sourceTree = "<group>"; };
		6AD0EC5727E9C22C000C5C23 /* MainViewController.swift */ = {isa = PBXFileReference; lastKnownFileType = sourcecode.swift; path = MainViewController.swift; sourceTree = "<group>"; };
/* End PBXFileReference section */

/* Begin PBXFrameworksBuildPhase section */
		6AD0EC1C27E9C0C9000C5C23 /* Frameworks */ = {
			isa = PBXFrameworksBuildPhase;
			buildActionMask = 2147483647;
			files = (
				6AA5EF3A27E9C6AE000A2536 /* RxCocoa in Frameworks */,
				6AA5EF3727E9C695000A2536 /* Kingfisher in Frameworks */,
				6AA5EF3E27E9C6AE000A2536 /* RxSwift in Frameworks */,
				6AA5EF3C27E9C6AE000A2536 /* RxRelay in Frameworks */,
				6AA5EF3427E9C685000A2536 /* SnapKit in Frameworks */,
			);
			runOnlyForDeploymentPostprocessing = 0;
		};
		6AD0EC3227E9C0CA000C5C23 /* Frameworks */ = {
			isa = PBXFrameworksBuildPhase;
			buildActionMask = 2147483647;
			files = (
			);
			runOnlyForDeploymentPostprocessing = 0;
		};
		6AD0EC3C27E9C0CA000C5C23 /* Frameworks */ = {
			isa = PBXFrameworksBuildPhase;
			buildActionMask = 2147483647;
			files = (
			);
			runOnlyForDeploymentPostprocessing = 0;
		};
/* End PBXFrameworksBuildPhase section */

/* Begin PBXGroup section */
		6A51B8C427ED923600FE1F58 /* Network */ = {
			isa = PBXGroup;
			children = (
				6A51B8C227ED8FB600FE1F58 /* SearchBlogAPI.swift */,
				6A51B8C527ED936D00FE1F58 /* SearchBlogNetwork.swift */,
			);
			path = Network;
			sourceTree = "<group>";
		};
		6AA5EF4927EB03A0000A2536 /* Presentation */ = {
			isa = PBXGroup;
			children = (
				6AA5EF4C27EB1277000A2536 /* MainViewController */,
			);
			path = Presentation;
			sourceTree = "<group>";
		};
		6AA5EF4A27EB03A7000A2536 /* Entity */ = {
			isa = PBXGroup;
			children = (
				6AA5EF4727EB038E000A2536 /* BlogListCellData.swift */,
				6AA5EF5027EB1448000A2536 /* AlertActionConvertible.swift */,
				6A51B8C027ED798800FE1F58 /* DKBlog.swift */,
			);
			path = Entity;
			sourceTree = "<group>";
		};
		6AA5EF4B27EB1267000A2536 /* SubComponents */ = {
			isa = PBXGroup;
			children = (
				6AA5EF4D27EB12A5000A2536 /* SearchBar */,
				6AA5EF4E27EB12AE000A2536 /* BlogListView */,
			);
			path = SubComponents;
			sourceTree = "<group>";
		};
		6AA5EF4C27EB1277000A2536 /* MainViewController */ = {
			isa = PBXGroup;
			children = (
				6A580C5427F1ABFE00201140 /* MainViewModel.swift */,
				6AD0EC5727E9C22C000C5C23 /* MainViewController.swift */,
				6A580C5627F1B25700201140 /* MainModel.swift */,
				6AA5EF4B27EB1267000A2536 /* SubComponents */,
			);
			path = MainViewController;
			sourceTree = "<group>";
		};
		6AA5EF4D27EB12A5000A2536 /* SearchBar */ = {
			isa = PBXGroup;
			children = (
				6AA5EF3F27EAAFF9000A2536 /* SearchBar.swift */,
				6A580C4E27F19FDC00201140 /* SearchBarViewModel.swift */,
			);
			path = SearchBar;
			sourceTree = "<group>";
		};
		6AA5EF4E27EB12AE000A2536 /* BlogListView */ = {
			isa = PBXGroup;
			children = (
				6AA5EF4327EB0376000A2536 /* BlogListView.swift */,
				6A580C5227F1AAB300201140 /* BlogListViewModel.swift */,
				6AA5EF4F27EB12C8000A2536 /* SubComponents */,
			);
			path = BlogListView;
			sourceTree = "<group>";
		};
		6AA5EF4F27EB12C8000A2536 /* SubComponents */ = {
			isa = PBXGroup;
			children = (
				6AA5EF4127EADB2A000A2536 /* FilterView.swift */,
				6AA5EF4527EB0384000A2536 /* BlogListCell.swift */,
				6A580C5027F1A99E00201140 /* FilterViewModel.swift */,
			);
			path = SubComponents;
			sourceTree = "<group>";
		};
		6AD0EC1627E9C0C9000C5C23 = {
			isa = PBXGroup;
			children = (
				6A51B8BF27ED42BB00FE1F58 /* README.md */,
				6AD0EC2127E9C0C9000C5C23 /* SearchKakaoBlog */,
				6AD0EC3827E9C0CA000C5C23 /* SearchKakaoBlogTests */,
				6AD0EC4227E9C0CA000C5C23 /* SearchKakaoBlogUITests */,
				6AD0EC2027E9C0C9000C5C23 /* Products */,
			);
			sourceTree = "<group>";
		};
		6AD0EC2027E9C0C9000C5C23 /* Products */ = {
			isa = PBXGroup;
			children = (
				6AD0EC1F27E9C0C9000C5C23 /* SearchKakaoBlog.app */,
				6AD0EC3527E9C0CA000C5C23 /* SearchKakaoBlogTests.xctest */,
				6AD0EC3F27E9C0CA000C5C23 /* SearchKakaoBlogUITests.xctest */,
			);
			name = Products;
			sourceTree = "<group>";
		};
		6AD0EC2127E9C0C9000C5C23 /* SearchKakaoBlog */ = {
			isa = PBXGroup;
			children = (
				6AD0EC2227E9C0C9000C5C23 /* AppDelegate.swift */,
				6AD0EC2427E9C0C9000C5C23 /* SceneDelegate.swift */,
				6AD0EC2B27E9C0CA000C5C23 /* Assets.xcassets */,
				6AD0EC2D27E9C0CA000C5C23 /* LaunchScreen.storyboard */,
				6AD0EC3027E9C0CA000C5C23 /* Info.plist */,
				6A51B8C427ED923600FE1F58 /* Network */,
				6AA5EF4927EB03A0000A2536 /* Presentation */,
				6AA5EF4A27EB03A7000A2536 /* Entity */,
			);
			path = SearchKakaoBlog;
			sourceTree = "<group>";
		};
		6AD0EC3827E9C0CA000C5C23 /* SearchKakaoBlogTests */ = {
			isa = PBXGroup;
			children = (
				6AD0EC3927E9C0CA000C5C23 /* SearchKakaoBlogTests.swift */,
			);
			path = SearchKakaoBlogTests;
			sourceTree = "<group>";
		};
		6AD0EC4227E9C0CA000C5C23 /* SearchKakaoBlogUITests */ = {
			isa = PBXGroup;
			children = (
				6AD0EC4327E9C0CA000C5C23 /* SearchKakaoBlogUITests.swift */,
				6AD0EC4527E9C0CA000C5C23 /* SearchKakaoBlogUITestsLaunchTests.swift */,
			);
			path = SearchKakaoBlogUITests;
			sourceTree = "<group>";
		};
/* End PBXGroup section */

/* Begin PBXNativeTarget section */
		6AD0EC1E27E9C0C9000C5C23 /* SearchKakaoBlog */ = {
			isa = PBXNativeTarget;
			buildConfigurationList = 6AD0EC4927E9C0CA000C5C23 /* Build configuration list for PBXNativeTarget "SearchKakaoBlog" */;
			buildPhases = (
				6AD0EC1B27E9C0C9000C5C23 /* Sources */,
				6AD0EC1C27E9C0C9000C5C23 /* Frameworks */,
				6AD0EC1D27E9C0C9000C5C23 /* Resources */,
			);
			buildRules = (
			);
			dependencies = (
			);
			name = SearchKakaoBlog;
			packageProductDependencies = (
				6AA5EF3327E9C685000A2536 /* SnapKit */,
				6AA5EF3627E9C695000A2536 /* Kingfisher */,
				6AA5EF3927E9C6AE000A2536 /* RxCocoa */,
				6AA5EF3B27E9C6AE000A2536 /* RxRelay */,
				6AA5EF3D27E9C6AE000A2536 /* RxSwift */,
			);
			productName = SearchKakaoBlog;
			productReference = 6AD0EC1F27E9C0C9000C5C23 /* SearchKakaoBlog.app */;
			productType = "com.apple.product-type.application";
		};
		6AD0EC3427E9C0CA000C5C23 /* SearchKakaoBlogTests */ = {
			isa = PBXNativeTarget;
			buildConfigurationList = 6AD0EC4C27E9C0CA000C5C23 /* Build configuration list for PBXNativeTarget "SearchKakaoBlogTests" */;
			buildPhases = (
				6AD0EC3127E9C0CA000C5C23 /* Sources */,
				6AD0EC3227E9C0CA000C5C23 /* Frameworks */,
				6AD0EC3327E9C0CA000C5C23 /* Resources */,
			);
			buildRules = (
			);
			dependencies = (
				6AD0EC3727E9C0CA000C5C23 /* PBXTargetDependency */,
			);
			name = SearchKakaoBlogTests;
			productName = SearchKakaoBlogTests;
			productReference = 6AD0EC3527E9C0CA000C5C23 /* SearchKakaoBlogTests.xctest */;
			productType = "com.apple.product-type.bundle.unit-test";
		};
		6AD0EC3E27E9C0CA000C5C23 /* SearchKakaoBlogUITests */ = {
			isa = PBXNativeTarget;
			buildConfigurationList = 6AD0EC4F27E9C0CA000C5C23 /* Build configuration list for PBXNativeTarget "SearchKakaoBlogUITests" */;
			buildPhases = (
				6AD0EC3B27E9C0CA000C5C23 /* Sources */,
				6AD0EC3C27E9C0CA000C5C23 /* Frameworks */,
				6AD0EC3D27E9C0CA000C5C23 /* Resources */,
			);
			buildRules = (
			);
			dependencies = (
				6AD0EC4127E9C0CA000C5C23 /* PBXTargetDependency */,
			);
			name = SearchKakaoBlogUITests;
			productName = SearchKakaoBlogUITests;
			productReference = 6AD0EC3F27E9C0CA000C5C23 /* SearchKakaoBlogUITests.xctest */;
			productType = "com.apple.product-type.bundle.ui-testing";
		};
/* End PBXNativeTarget section */

/* Begin PBXProject section */
		6AD0EC1727E9C0C9000C5C23 /* Project object */ = {
			isa = PBXProject;
			attributes = {
				BuildIndependentTargetsInParallel = 1;
				LastSwiftUpdateCheck = 1320;
				LastUpgradeCheck = 1320;
				TargetAttributes = {
					6AD0EC1E27E9C0C9000C5C23 = {
						CreatedOnToolsVersion = 13.2.1;
					};
					6AD0EC3427E9C0CA000C5C23 = {
						CreatedOnToolsVersion = 13.2.1;
						TestTargetID = 6AD0EC1E27E9C0C9000C5C23;
					};
					6AD0EC3E27E9C0CA000C5C23 = {
						CreatedOnToolsVersion = 13.2.1;
						TestTargetID = 6AD0EC1E27E9C0C9000C5C23;
					};
				};
			};
			buildConfigurationList = 6AD0EC1A27E9C0C9000C5C23 /* Build configuration list for PBXProject "SearchKakaoBlog" */;
			compatibilityVersion = "Xcode 13.0";
			developmentRegion = en;
			hasScannedForEncodings = 0;
			knownRegions = (
				en,
				Base,
			);
			mainGroup = 6AD0EC1627E9C0C9000C5C23;
			packageReferences = (
				6AA5EF3227E9C685000A2536 /* XCRemoteSwiftPackageReference "SnapKit" */,
				6AA5EF3527E9C695000A2536 /* XCRemoteSwiftPackageReference "Kingfisher" */,
				6AA5EF3827E9C6AD000A2536 /* XCRemoteSwiftPackageReference "RxSwift" */,
			);
			productRefGroup = 6AD0EC2027E9C0C9000C5C23 /* Products */;
			projectDirPath = "";
			projectRoot = "";
			targets = (
				6AD0EC1E27E9C0C9000C5C23 /* SearchKakaoBlog */,
				6AD0EC3427E9C0CA000C5C23 /* SearchKakaoBlogTests */,
				6AD0EC3E27E9C0CA000C5C23 /* SearchKakaoBlogUITests */,
			);
		};
/* End PBXProject section */

/* Begin PBXResourcesBuildPhase section */
		6AD0EC1D27E9C0C9000C5C23 /* Resources */ = {
			isa = PBXResourcesBuildPhase;
			buildActionMask = 2147483647;
			files = (
				6AD0EC2F27E9C0CA000C5C23 /* LaunchScreen.storyboard in Resources */,
				6AD0EC2C27E9C0CA000C5C23 /* Assets.xcassets in Resources */,
			);
			runOnlyForDeploymentPostprocessing = 0;
		};
		6AD0EC3327E9C0CA000C5C23 /* Resources */ = {
			isa = PBXResourcesBuildPhase;
			buildActionMask = 2147483647;
			files = (
			);
			runOnlyForDeploymentPostprocessing = 0;
		};
		6AD0EC3D27E9C0CA000C5C23 /* Resources */ = {
			isa = PBXResourcesBuildPhase;
			buildActionMask = 2147483647;
			files = (
			);
			runOnlyForDeploymentPostprocessing = 0;
		};
/* End PBXResourcesBuildPhase section */

/* Begin PBXSourcesBuildPhase section */
		6AD0EC1B27E9C0C9000C5C23 /* Sources */ = {
			isa = PBXSourcesBuildPhase;
			buildActionMask = 2147483647;
			files = (
				6A580C5127F1A99E00201140 /* FilterViewModel.swift in Sources */,
				6AD0EC5827E9C22C000C5C23 /* MainViewController.swift in Sources */,
				6AA5EF4627EB0384000A2536 /* BlogListCell.swift in Sources */,
				6A51B8C127ED798800FE1F58 /* DKBlog.swift in Sources */,
				6AA5EF4427EB0376000A2536 /* BlogListView.swift in Sources */,
				6A51B8C327ED8FB600FE1F58 /* SearchBlogAPI.swift in Sources */,
				6AA5EF4827EB038E000A2536 /* BlogListCellData.swift in Sources */,
				6A580C5327F1AAB300201140 /* BlogListViewModel.swift in Sources */,
				6AA5EF4027EAAFF9000A2536 /* SearchBar.swift in Sources */,
				6AD0EC2327E9C0C9000C5C23 /* AppDelegate.swift in Sources */,
				6AA5EF4227EADB2A000A2536 /* FilterView.swift in Sources */,
				6A580C5727F1B25700201140 /* MainModel.swift in Sources */,
				6AD0EC2527E9C0C9000C5C23 /* SceneDelegate.swift in Sources */,
				6A580C4F27F19FDC00201140 /* SearchBarViewModel.swift in Sources */,
				6A51B8C627ED936D00FE1F58 /* SearchBlogNetwork.swift in Sources */,
				6AA5EF5127EB1448000A2536 /* AlertActionConvertible.swift in Sources */,
				6A580C5527F1ABFE00201140 /* MainViewModel.swift in Sources */,
			);
			runOnlyForDeploymentPostprocessing = 0;
		};
		6AD0EC3127E9C0CA000C5C23 /* Sources */ = {
			isa = PBXSourcesBuildPhase;
			buildActionMask = 2147483647;
			files = (
				6AD0EC3A27E9C0CA000C5C23 /* SearchKakaoBlogTests.swift in Sources */,
			);
			runOnlyForDeploymentPostprocessing = 0;
		};
		6AD0EC3B27E9C0CA000C5C23 /* Sources */ = {
			isa = PBXSourcesBuildPhase;
			buildActionMask = 2147483647;
			files = (
				6AD0EC4627E9C0CA000C5C23 /* SearchKakaoBlogUITestsLaunchTests.swift in Sources */,
				6AD0EC4427E9C0CA000C5C23 /* SearchKakaoBlogUITests.swift in Sources */,
			);
			runOnlyForDeploymentPostprocessing = 0;
		};
/* End PBXSourcesBuildPhase section */

/* Begin PBXTargetDependency section */
		6AD0EC3727E9C0CA000C5C23 /* PBXTargetDependency */ = {
			isa = PBXTargetDependency;
			target = 6AD0EC1E27E9C0C9000C5C23 /* SearchKakaoBlog */;
			targetProxy = 6AD0EC3627E9C0CA000C5C23 /* PBXContainerItemProxy */;
		};
		6AD0EC4127E9C0CA000C5C23 /* PBXTargetDependency */ = {
			isa = PBXTargetDependency;
			target = 6AD0EC1E27E9C0C9000C5C23 /* SearchKakaoBlog */;
			targetProxy = 6AD0EC4027E9C0CA000C5C23 /* PBXContainerItemProxy */;
		};
/* End PBXTargetDependency section */

/* Begin PBXVariantGroup section */
		6AD0EC2D27E9C0CA000C5C23 /* LaunchScreen.storyboard */ = {
			isa = PBXVariantGroup;
			children = (
				6AD0EC2E27E9C0CA000C5C23 /* Base */,
			);
			name = LaunchScreen.storyboard;
			sourceTree = "<group>";
		};
/* End PBXVariantGroup section */

/* Begin XCBuildConfiguration section */
		6AD0EC4727E9C0CA000C5C23 /* Debug */ = {
			isa = XCBuildConfiguration;
			buildSettings = {
				ALWAYS_SEARCH_USER_PATHS = NO;
				CLANG_ANALYZER_NONNULL = YES;
				CLANG_ANALYZER_NUMBER_OBJECT_CONVERSION = YES_AGGRESSIVE;
				CLANG_CXX_LANGUAGE_STANDARD = "gnu++17";
				CLANG_CXX_LIBRARY = "libc++";
				CLANG_ENABLE_MODULES = YES;
				CLANG_ENABLE_OBJC_ARC = YES;
				CLANG_ENABLE_OBJC_WEAK = YES;
				CLANG_WARN_BLOCK_CAPTURE_AUTORELEASING = YES;
				CLANG_WARN_BOOL_CONVERSION = YES;
				CLANG_WARN_COMMA = YES;
				CLANG_WARN_CONSTANT_CONVERSION = YES;
				CLANG_WARN_DEPRECATED_OBJC_IMPLEMENTATIONS = YES;
				CLANG_WARN_DIRECT_OBJC_ISA_USAGE = YES_ERROR;
				CLANG_WARN_DOCUMENTATION_COMMENTS = YES;
				CLANG_WARN_EMPTY_BODY = YES;
				CLANG_WARN_ENUM_CONVERSION = YES;
				CLANG_WARN_INFINITE_RECURSION = YES;
				CLANG_WARN_INT_CONVERSION = YES;
				CLANG_WARN_NON_LITERAL_NULL_CONVERSION = YES;
				CLANG_WARN_OBJC_IMPLICIT_RETAIN_SELF = YES;
				CLANG_WARN_OBJC_LITERAL_CONVERSION = YES;
				CLANG_WARN_OBJC_ROOT_CLASS = YES_ERROR;
				CLANG_WARN_QUOTED_INCLUDE_IN_FRAMEWORK_HEADER = YES;
				CLANG_WARN_RANGE_LOOP_ANALYSIS = YES;
				CLANG_WARN_STRICT_PROTOTYPES = YES;
				CLANG_WARN_SUSPICIOUS_MOVE = YES;
				CLANG_WARN_UNGUARDED_AVAILABILITY = YES_AGGRESSIVE;
				CLANG_WARN_UNREACHABLE_CODE = YES;
				CLANG_WARN__DUPLICATE_METHOD_MATCH = YES;
				COPY_PHASE_STRIP = NO;
				DEBUG_INFORMATION_FORMAT = dwarf;
				ENABLE_STRICT_OBJC_MSGSEND = YES;
				ENABLE_TESTABILITY = YES;
				GCC_C_LANGUAGE_STANDARD = gnu11;
				GCC_DYNAMIC_NO_PIC = NO;
				GCC_NO_COMMON_BLOCKS = YES;
				GCC_OPTIMIZATION_LEVEL = 0;
				GCC_PREPROCESSOR_DEFINITIONS = (
					"DEBUG=1",
					"$(inherited)",
				);
				GCC_WARN_64_TO_32_BIT_CONVERSION = YES;
				GCC_WARN_ABOUT_RETURN_TYPE = YES_ERROR;
				GCC_WARN_UNDECLARED_SELECTOR = YES;
				GCC_WARN_UNINITIALIZED_AUTOS = YES_AGGRESSIVE;
				GCC_WARN_UNUSED_FUNCTION = YES;
				GCC_WARN_UNUSED_VARIABLE = YES;
				IPHONEOS_DEPLOYMENT_TARGET = 15.2;
				MTL_ENABLE_DEBUG_INFO = INCLUDE_SOURCE;
				MTL_FAST_MATH = YES;
				ONLY_ACTIVE_ARCH = YES;
				SDKROOT = iphoneos;
				SWIFT_ACTIVE_COMPILATION_CONDITIONS = DEBUG;
				SWIFT_OPTIMIZATION_LEVEL = "-Onone";
			};
			name = Debug;
		};
		6AD0EC4827E9C0CA000C5C23 /* Release */ = {
			isa = XCBuildConfiguration;
			buildSettings = {
				ALWAYS_SEARCH_USER_PATHS = NO;
				CLANG_ANALYZER_NONNULL = YES;
				CLANG_ANALYZER_NUMBER_OBJECT_CONVERSION = YES_AGGRESSIVE;
				CLANG_CXX_LANGUAGE_STANDARD = "gnu++17";
				CLANG_CXX_LIBRARY = "libc++";
				CLANG_ENABLE_MODULES = YES;
				CLANG_ENABLE_OBJC_ARC = YES;
				CLANG_ENABLE_OBJC_WEAK = YES;
				CLANG_WARN_BLOCK_CAPTURE_AUTORELEASING = YES;
				CLANG_WARN_BOOL_CONVERSION = YES;
				CLANG_WARN_COMMA = YES;
				CLANG_WARN_CONSTANT_CONVERSION = YES;
				CLANG_WARN_DEPRECATED_OBJC_IMPLEMENTATIONS = YES;
				CLANG_WARN_DIRECT_OBJC_ISA_USAGE = YES_ERROR;
				CLANG_WARN_DOCUMENTATION_COMMENTS = YES;
				CLANG_WARN_EMPTY_BODY = YES;
				CLANG_WARN_ENUM_CONVERSION = YES;
				CLANG_WARN_INFINITE_RECURSION = YES;
				CLANG_WARN_INT_CONVERSION = YES;
				CLANG_WARN_NON_LITERAL_NULL_CONVERSION = YES;
				CLANG_WARN_OBJC_IMPLICIT_RETAIN_SELF = YES;
				CLANG_WARN_OBJC_LITERAL_CONVERSION = YES;
				CLANG_WARN_OBJC_ROOT_CLASS = YES_ERROR;
				CLANG_WARN_QUOTED_INCLUDE_IN_FRAMEWORK_HEADER = YES;
				CLANG_WARN_RANGE_LOOP_ANALYSIS = YES;
				CLANG_WARN_STRICT_PROTOTYPES = YES;
				CLANG_WARN_SUSPICIOUS_MOVE = YES;
				CLANG_WARN_UNGUARDED_AVAILABILITY = YES_AGGRESSIVE;
				CLANG_WARN_UNREACHABLE_CODE = YES;
				CLANG_WARN__DUPLICATE_METHOD_MATCH = YES;
				COPY_PHASE_STRIP = NO;
				DEBUG_INFORMATION_FORMAT = "dwarf-with-dsym";
				ENABLE_NS_ASSERTIONS = NO;
				ENABLE_STRICT_OBJC_MSGSEND = YES;
				GCC_C_LANGUAGE_STANDARD = gnu11;
				GCC_NO_COMMON_BLOCKS = YES;
				GCC_WARN_64_TO_32_BIT_CONVERSION = YES;
				GCC_WARN_ABOUT_RETURN_TYPE = YES_ERROR;
				GCC_WARN_UNDECLARED_SELECTOR = YES;
				GCC_WARN_UNINITIALIZED_AUTOS = YES_AGGRESSIVE;
				GCC_WARN_UNUSED_FUNCTION = YES;
				GCC_WARN_UNUSED_VARIABLE = YES;
				IPHONEOS_DEPLOYMENT_TARGET = 15.2;
				MTL_ENABLE_DEBUG_INFO = NO;
				MTL_FAST_MATH = YES;
				SDKROOT = iphoneos;
				SWIFT_COMPILATION_MODE = wholemodule;
				SWIFT_OPTIMIZATION_LEVEL = "-O";
				VALIDATE_PRODUCT = YES;
			};
			name = Release;
		};
		6AD0EC4A27E9C0CA000C5C23 /* Debug */ = {
			isa = XCBuildConfiguration;
			buildSettings = {
				ASSETCATALOG_COMPILER_APPICON_NAME = AppIcon;
				ASSETCATALOG_COMPILER_GLOBAL_ACCENT_COLOR_NAME = AccentColor;
				CODE_SIGN_STYLE = Automatic;
				CURRENT_PROJECT_VERSION = 1;
				DEVELOPMENT_TEAM = XJA7283JV3;
				GENERATE_INFOPLIST_FILE = YES;
				INFOPLIST_FILE = SearchKakaoBlog/Info.plist;
				INFOPLIST_KEY_UIApplicationSupportsIndirectInputEvents = YES;
				INFOPLIST_KEY_UILaunchStoryboardName = LaunchScreen;
				INFOPLIST_KEY_UISupportedInterfaceOrientations_iPad = "UIInterfaceOrientationPortrait UIInterfaceOrientationPortraitUpsideDown UIInterfaceOrientationLandscapeLeft UIInterfaceOrientationLandscapeRight";
				INFOPLIST_KEY_UISupportedInterfaceOrientations_iPhone = "UIInterfaceOrientationPortrait UIInterfaceOrientationLandscapeLeft UIInterfaceOrientationLandscapeRight";
				LD_RUNPATH_SEARCH_PATHS = (
					"$(inherited)",
					"@executable_path/Frameworks",
				);
				MARKETING_VERSION = 1.0;
				PRODUCT_BUNDLE_IDENTIFIER = com.yujin.SearchKakaoBlog;
				PRODUCT_NAME = "$(TARGET_NAME)";
				SWIFT_EMIT_LOC_STRINGS = YES;
				SWIFT_VERSION = 5.0;
				TARGETED_DEVICE_FAMILY = "1,2";
			};
			name = Debug;
		};
		6AD0EC4B27E9C0CA000C5C23 /* Release */ = {
			isa = XCBuildConfiguration;
			buildSettings = {
				ASSETCATALOG_COMPILER_APPICON_NAME = AppIcon;
				ASSETCATALOG_COMPILER_GLOBAL_ACCENT_COLOR_NAME = AccentColor;
				CODE_SIGN_STYLE = Automatic;
				CURRENT_PROJECT_VERSION = 1;
				DEVELOPMENT_TEAM = XJA7283JV3;
				GENERATE_INFOPLIST_FILE = YES;
				INFOPLIST_FILE = SearchKakaoBlog/Info.plist;
				INFOPLIST_KEY_UIApplicationSupportsIndirectInputEvents = YES;
				INFOPLIST_KEY_UILaunchStoryboardName = LaunchScreen;
				INFOPLIST_KEY_UISupportedInterfaceOrientations_iPad = "UIInterfaceOrientationPortrait UIInterfaceOrientationPortraitUpsideDown UIInterfaceOrientationLandscapeLeft UIInterfaceOrientationLandscapeRight";
				INFOPLIST_KEY_UISupportedInterfaceOrientations_iPhone = "UIInterfaceOrientationPortrait UIInterfaceOrientationLandscapeLeft UIInterfaceOrientationLandscapeRight";
				LD_RUNPATH_SEARCH_PATHS = (
					"$(inherited)",
					"@executable_path/Frameworks",
				);
				MARKETING_VERSION = 1.0;
				PRODUCT_BUNDLE_IDENTIFIER = com.yujin.SearchKakaoBlog;
				PRODUCT_NAME = "$(TARGET_NAME)";
				SWIFT_EMIT_LOC_STRINGS = YES;
				SWIFT_VERSION = 5.0;
				TARGETED_DEVICE_FAMILY = "1,2";
			};
			name = Release;
		};
		6AD0EC4D27E9C0CA000C5C23 /* Debug */ = {
			isa = XCBuildConfiguration;
			buildSettings = {
				ALWAYS_EMBED_SWIFT_STANDARD_LIBRARIES = YES;
				BUNDLE_LOADER = "$(TEST_HOST)";
				CODE_SIGN_STYLE = Automatic;
				CURRENT_PROJECT_VERSION = 1;
				DEVELOPMENT_TEAM = XJA7283JV3;
				GENERATE_INFOPLIST_FILE = YES;
				IPHONEOS_DEPLOYMENT_TARGET = 15.2;
				MARKETING_VERSION = 1.0;
				PRODUCT_BUNDLE_IDENTIFIER = com.yujin.SearchKakaoBlogTests;
				PRODUCT_NAME = "$(TARGET_NAME)";
				SWIFT_EMIT_LOC_STRINGS = NO;
				SWIFT_VERSION = 5.0;
				TARGETED_DEVICE_FAMILY = "1,2";
				TEST_HOST = "$(BUILT_PRODUCTS_DIR)/SearchKakaoBlog.app/SearchKakaoBlog";
			};
			name = Debug;
		};
		6AD0EC4E27E9C0CA000C5C23 /* Release */ = {
			isa = XCBuildConfiguration;
			buildSettings = {
				ALWAYS_EMBED_SWIFT_STANDARD_LIBRARIES = YES;
				BUNDLE_LOADER = "$(TEST_HOST)";
				CODE_SIGN_STYLE = Automatic;
				CURRENT_PROJECT_VERSION = 1;
				DEVELOPMENT_TEAM = XJA7283JV3;
				GENERATE_INFOPLIST_FILE = YES;
				IPHONEOS_DEPLOYMENT_TARGET = 15.2;
				MARKETING_VERSION = 1.0;
				PRODUCT_BUNDLE_IDENTIFIER = com.yujin.SearchKakaoBlogTests;
				PRODUCT_NAME = "$(TARGET_NAME)";
				SWIFT_EMIT_LOC_STRINGS = NO;
				SWIFT_VERSION = 5.0;
				TARGETED_DEVICE_FAMILY = "1,2";
				TEST_HOST = "$(BUILT_PRODUCTS_DIR)/SearchKakaoBlog.app/SearchKakaoBlog";
			};
			name = Release;
		};
		6AD0EC5027E9C0CA000C5C23 /* Debug */ = {
			isa = XCBuildConfiguration;
			buildSettings = {
				ALWAYS_EMBED_SWIFT_STANDARD_LIBRARIES = YES;
				CODE_SIGN_STYLE = Automatic;
				CURRENT_PROJECT_VERSION = 1;
				DEVELOPMENT_TEAM = XJA7283JV3;
				GENERATE_INFOPLIST_FILE = YES;
				MARKETING_VERSION = 1.0;
				PRODUCT_BUNDLE_IDENTIFIER = com.yujin.SearchKakaoBlogUITests;
				PRODUCT_NAME = "$(TARGET_NAME)";
				SWIFT_EMIT_LOC_STRINGS = NO;
				SWIFT_VERSION = 5.0;
				TARGETED_DEVICE_FAMILY = "1,2";
				TEST_TARGET_NAME = SearchKakaoBlog;
			};
			name = Debug;
		};
		6AD0EC5127E9C0CA000C5C23 /* Release */ = {
			isa = XCBuildConfiguration;
			buildSettings = {
				ALWAYS_EMBED_SWIFT_STANDARD_LIBRARIES = YES;
				CODE_SIGN_STYLE = Automatic;
				CURRENT_PROJECT_VERSION = 1;
				DEVELOPMENT_TEAM = XJA7283JV3;
				GENERATE_INFOPLIST_FILE = YES;
				MARKETING_VERSION = 1.0;
				PRODUCT_BUNDLE_IDENTIFIER = com.yujin.SearchKakaoBlogUITests;
				PRODUCT_NAME = "$(TARGET_NAME)";
				SWIFT_EMIT_LOC_STRINGS = NO;
				SWIFT_VERSION = 5.0;
				TARGETED_DEVICE_FAMILY = "1,2";
				TEST_TARGET_NAME = SearchKakaoBlog;
			};
			name = Release;
		};
/* End XCBuildConfiguration section */

/* Begin XCConfigurationList section */
		6AD0EC1A27E9C0C9000C5C23 /* Build configuration list for PBXProject "SearchKakaoBlog" */ = {
			isa = XCConfigurationList;
			buildConfigurations = (
				6AD0EC4727E9C0CA000C5C23 /* Debug */,
				6AD0EC4827E9C0CA000C5C23 /* Release */,
			);
			defaultConfigurationIsVisible = 0;
			defaultConfigurationName = Release;
		};
		6AD0EC4927E9C0CA000C5C23 /* Build configuration list for PBXNativeTarget "SearchKakaoBlog" */ = {
			isa = XCConfigurationList;
			buildConfigurations = (
				6AD0EC4A27E9C0CA000C5C23 /* Debug */,
				6AD0EC4B27E9C0CA000C5C23 /* Release */,
			);
			defaultConfigurationIsVisible = 0;
			defaultConfigurationName = Release;
		};
		6AD0EC4C27E9C0CA000C5C23 /* Build configuration list for PBXNativeTarget "SearchKakaoBlogTests" */ = {
			isa = XCConfigurationList;
			buildConfigurations = (
				6AD0EC4D27E9C0CA000C5C23 /* Debug */,
				6AD0EC4E27E9C0CA000C5C23 /* Release */,
			);
			defaultConfigurationIsVisible = 0;
			defaultConfigurationName = Release;
		};
		6AD0EC4F27E9C0CA000C5C23 /* Build configuration list for PBXNativeTarget "SearchKakaoBlogUITests" */ = {
			isa = XCConfigurationList;
			buildConfigurations = (
				6AD0EC5027E9C0CA000C5C23 /* Debug */,
				6AD0EC5127E9C0CA000C5C23 /* Release */,
			);
			defaultConfigurationIsVisible = 0;
			defaultConfigurationName = Release;
		};
/* End XCConfigurationList section */

/* Begin XCRemoteSwiftPackageReference section */
		6AA5EF3227E9C685000A2536 /* XCRemoteSwiftPackageReference "SnapKit" */ = {
			isa = XCRemoteSwiftPackageReference;
			repositoryURL = "https://github.com/SnapKit/SnapKit.git";
			requirement = {
				branch = develop;
				kind = branch;
			};
		};
		6AA5EF3527E9C695000A2536 /* XCRemoteSwiftPackageReference "Kingfisher" */ = {
			isa = XCRemoteSwiftPackageReference;
			repositoryURL = "https://github.com/onevcat/Kingfisher.git";
			requirement = {
				branch = master;
				kind = branch;
			};
		};
		6AA5EF3827E9C6AD000A2536 /* XCRemoteSwiftPackageReference "RxSwift" */ = {
			isa = XCRemoteSwiftPackageReference;
			repositoryURL = "https://github.com/ReactiveX/RxSwift.git";
			requirement = {
				branch = main;
				kind = branch;
			};
		};
/* End XCRemoteSwiftPackageReference section */

/* Begin XCSwiftPackageProductDependency section */
		6AA5EF3327E9C685000A2536 /* SnapKit */ = {
			isa = XCSwiftPackageProductDependency;
			package = 6AA5EF3227E9C685000A2536 /* XCRemoteSwiftPackageReference "SnapKit" */;
			productName = SnapKit;
		};
		6AA5EF3627E9C695000A2536 /* Kingfisher */ = {
			isa = XCSwiftPackageProductDependency;
			package = 6AA5EF3527E9C695000A2536 /* XCRemoteSwiftPackageReference "Kingfisher" */;
			productName = Kingfisher;
		};
		6AA5EF3927E9C6AE000A2536 /* RxCocoa */ = {
			isa = XCSwiftPackageProductDependency;
			package = 6AA5EF3827E9C6AD000A2536 /* XCRemoteSwiftPackageReference "RxSwift" */;
			productName = RxCocoa;
		};
		6AA5EF3B27E9C6AE000A2536 /* RxRelay */ = {
			isa = XCSwiftPackageProductDependency;
			package = 6AA5EF3827E9C6AD000A2536 /* XCRemoteSwiftPackageReference "RxSwift" */;
			productName = RxRelay;
		};
		6AA5EF3D27E9C6AE000A2536 /* RxSwift */ = {
			isa = XCSwiftPackageProductDependency;
			package = 6AA5EF3827E9C6AD000A2536 /* XCRemoteSwiftPackageReference "RxSwift" */;
			productName = RxSwift;
		};
/* End XCSwiftPackageProductDependency section */
	};
	rootObject = 6AD0EC1727E9C0C9000C5C23 /* Project object */;
}
